// !$*UTF8*$!
{
	archiveVersion = 1;
	classes = {
	};
	objectVersion = 46;
	objects = {

/* Begin PBXBuildFile section */
		CEDABE321E7F5EAB00FF1E28 /* AppDelegate.swift in Sources */ = {isa = PBXBuildFile; fileRef = CEDABE311E7F5EAB00FF1E28 /* AppDelegate.swift */; };
		CEDABE341E7F5EAB00FF1E28 /* ViewController.swift in Sources */ = {isa = PBXBuildFile; fileRef = CEDABE331E7F5EAB00FF1E28 /* ViewController.swift */; };
		CEDABE371E7F5EAB00FF1E28 /* Main.storyboard in Resources */ = {isa = PBXBuildFile; fileRef = CEDABE351E7F5EAB00FF1E28 /* Main.storyboard */; };
		CEDABE391E7F5EAB00FF1E28 /* Assets.xcassets in Resources */ = {isa = PBXBuildFile; fileRef = CEDABE381E7F5EAB00FF1E28 /* Assets.xcassets */; };
		CEDABE3C1E7F5EAB00FF1E28 /* LaunchScreen.storyboard in Resources */ = {isa = PBXBuildFile; fileRef = CEDABE3A1E7F5EAB00FF1E28 /* LaunchScreen.storyboard */; };
/* End PBXBuildFile section */

/* Begin PBXFileReference section */
		CEDABE2E1E7F5EAB00FF1E28 /* MadLibs.app */ = {isa = PBXFileReference; explicitFileType = wrapper.application; includeInIndex = 0; path = MadLibs.app; sourceTree = BUILT_PRODUCTS_DIR; };
		CEDABE311E7F5EAB00FF1E28 /* AppDelegate.swift */ = {isa = PBXFileReference; lastKnownFileType = sourcecode.swift; path = AppDelegate.swift; sourceTree = "<group>"; };
		CEDABE331E7F5EAB00FF1E28 /* ViewController.swift */ = {isa = PBXFileReference; lastKnownFileType = sourcecode.swift; path = ViewController.swift; sourceTree = "<group>"; };
		CEDABE361E7F5EAB00FF1E28 /* Base */ = {isa = PBXFileReference; lastKnownFileType = file.storyboard; name = Base; path = Base.lproj/Main.storyboard; sourceTree = "<group>"; };
		CEDABE381E7F5EAB00FF1E28 /* Assets.xcassets */ = {isa = PBXFileReference; lastKnownFileType = folder.assetcatalog; path = Assets.xcassets; sourceTree = "<group>"; };
		CEDABE3B1E7F5EAB00FF1E28 /* Base */ = {isa = PBXFileReference; lastKnownFileType = file.storyboard; name = Base; path = Base.lproj/LaunchScreen.storyboard; sourceTree = "<group>"; };
		CEDABE3D1E7F5EAB00FF1E28 /* Info.plist */ = {isa = PBXFileReference; lastKnownFileType = text.plist.xml; path = Info.plist; sourceTree = "<group>"; };
/* End PBXFileReference section */

/* Begin PBXFrameworksBuildPhase section */
		CEDABE2B1E7F5EAB00FF1E28 /* Frameworks */ = {
			isa = PBXFrameworksBuildPhase;
			buildActionMask = 2147483647;
			files = (
			);
			runOnlyForDeploymentPostprocessing = 0;
		};
/* End PBXFrameworksBuildPhase section */

/* Begin PBXGroup section */
		CEDABE251E7F5EAB00FF1E28 = {
			isa = PBXGroup;
			children = (
				CEDABE301E7F5EAB00FF1E28 /* MadLibs */,
				CEDABE2F1E7F5EAB00FF1E28 /* Products */,
			);
			sourceTree = "<group>";
		};
		CEDABE2F1E7F5EAB00FF1E28 /* Products */ = {
			isa = PBXGroup;
			children = (
				CEDABE2E1E7F5EAB00FF1E28 /* MadLibs.app */,
			);
			name = Products;
			sourceTree = "<group>";
		};
		CEDABE301E7F5EAB00FF1E28 /* MadLibs */ = {
			isa = PBXGroup;
			children = (
				CEDABE311E7F5EAB00FF1E28 /* AppDelegate.swift */,
				CEDABE331E7F5EAB00FF1E28 /* ViewController.swift */,
				CEDABE351E7F5EAB00FF1E28 /* Main.storyboard */,
				CEDABE381E7F5EAB00FF1E28 /* Assets.xcassets */,
				CEDABE3A1E7F5EAB00FF1E28 /* LaunchScreen.storyboard */,
				CEDABE3D1E7F5EAB00FF1E28 /* Info.plist */,
			);
			path = MadLibs;
			sourceTree = "<group>";
		};
/* End PBXGroup section */

/* Begin PBXNativeTarget section */
		CEDABE2D1E7F5EAB00FF1E28 /* MadLibs */ = {
			isa = PBXNativeTarget;
			buildConfigurationList = CEDABE401E7F5EAB00FF1E28 /* Build configuration list for PBXNativeTarget "MadLibs" */;
			buildPhases = (
				CEDABE2A1E7F5EAB00FF1E28 /* Sources */,
				CEDABE2B1E7F5EAB00FF1E28 /* Frameworks */,
				CEDABE2C1E7F5EAB00FF1E28 /* Resources */,
			);
			buildRules = (
			);
			dependencies = (
			);
			name = MadLibs;
			productName = MadLibs;
			productReference = CEDABE2E1E7F5EAB00FF1E28 /* MadLibs.app */;
			productType = "com.apple.product-type.application";
		};
/* End PBXNativeTarget section */

/* Begin PBXProject section */
		CEDABE261E7F5EAB00FF1E28 /* Project object */ = {
			isa = PBXProject;
			attributes = {
				LastSwiftUpdateCheck = 0820;
				LastUpgradeCheck = 0820;
				ORGANIZATIONNAME = CodingDojo;
				TargetAttributes = {
					CEDABE2D1E7F5EAB00FF1E28 = {
						CreatedOnToolsVersion = 8.2.1;
						ProvisioningStyle = Automatic;
					};
				};
			};
			buildConfigurationList = CEDABE291E7F5EAB00FF1E28 /* Build configuration list for PBXProject "MadLibs" */;
			compatibilityVersion = "Xcode 3.2";
			developmentRegion = English;
			hasScannedForEncodings = 0;
			knownRegions = (
				en,
				Base,
			);
			mainGroup = CEDABE251E7F5EAB00FF1E28;
			productRefGroup = CEDABE2F1E7F5EAB00FF1E28 /* Products */;
			projectDirPath = "";
			projectRoot = "";
			targets = (
				CEDABE2D1E7F5EAB00FF1E28 /* MadLibs */,
			);
		};
/* End PBXProject section */

/* Begin PBXResourcesBuildPhase section */
		CEDABE2C1E7F5EAB00FF1E28 /* Resources */ = {
			isa = PBXResourcesBuildPhase;
			buildActionMask = 2147483647;
			files = (
				CEDABE3C1E7F5EAB00FF1E28 /* LaunchScreen.storyboard in Resources */,
				CEDABE391E7F5EAB00FF1E28 /* Assets.xcassets in Resources */,
				CEDABE371E7F5EAB00FF1E28 /* Main.storyboard in Resources */,
			);
			runOnlyForDeploymentPostprocessing = 0;
		};
/* End PBXResourcesBuildPhase section */

/* Begin PBXSourcesBuildPhase section */
		CEDABE2A1E7F5EAB00FF1E28 /* Sources */ = {
			isa = PBXSourcesBuildPhase;
			buildActionMask = 2147483647;
			files = (
				CEDABE341E7F5EAB00FF1E28 /* ViewController.swift in Sources */,
				CEDABE321E7F5EAB00FF1E28 /* AppDelegate.swift in Sources */,
			);
			runOnlyForDeploymentPostprocessing = 0;
		};
/* End PBXSourcesBuildPhase section */

/* Begin PBXVariantGroup section */
		CEDABE351E7F5EAB00FF1E28 /* Main.storyboard */ = {
			isa = PBXVariantGroup;
			children = (
				CEDABE361E7F5EAB00FF1E28 /* Base */,
			);
			name = Main.storyboard;
			sourceTree = "<group>";
		};
		CEDABE3A1E7F5EAB00FF1E28 /* LaunchScreen.storyboard */ = {
			isa = PBXVariantGroup;
			children = (
				CEDABE3B1E7F5EAB00FF1E28 /* Base */,
			);
			name = LaunchScreen.storyboard;
			sourceTree = "<group>";
		};
/* End PBXVariantGroup section */

/* Begin XCBuildConfiguration section */
		CEDABE3E1E7F5EAB00FF1E28 /* Debug */ = {
			isa = XCBuildConfiguration;
			buildSettings = {
				ALWAYS_SEARCH_USER_PATHS = NO;
				CLANG_ANALYZER_NONNULL = YES;
				CLANG_CXX_LANGUAGE_STANDARD = "gnu++0x";
				CLANG_CXX_LIBRARY = "libc++";
				CLANG_ENABLE_MODULES = YES;
				CLANG_ENABLE_OBJC_ARC = YES;
				CLANG_WARN_BOOL_CONVERSION = YES;
				CLANG_WARN_CONSTANT_CONVERSION = YES;
				CLANG_WARN_DIRECT_OBJC_ISA_USAGE = YES_ERROR;
				CLANG_WARN_DOCUMENTATION_COMMENTS = YES;
				CLANG_WARN_EMPTY_BODY = YES;
				CLANG_WARN_ENUM_CONVERSION = YES;
				CLANG_WARN_INFINITE_RECURSION = YES;
				CLANG_WARN_INT_CONVERSION = YES;
				CLANG_WARN_OBJC_ROOT_CLASS = YES_ERROR;
				CLANG_WARN_SUSPICIOUS_MOVE = YES;
				CLANG_WARN_UNREACHABLE_CODE = YES;
				CLANG_WARN__DUPLICATE_METHOD_MATCH = YES;
				"CODE_SIGN_IDENTITY[sdk=iphoneos*]" = "iPhone Developer";
				COPY_PHASE_STRIP = NO;
				DEBUG_INFORMATION_FORMAT = dwarf;
				ENABLE_STRICT_OBJC_MSGSEND = YES;
				ENABLE_TESTABILITY = YES;
				GCC_C_LANGUAGE_STANDARD = gnu99;
				GCC_DYNAMIC_NO_PIC = NO;
				GCC_NO_COMMON_BLOCKS = YES;
				GCC_OPTIMIZATION_LEVEL = 0;
				GCC_PREPROCESSOR_DEFINITIONS = (
					"DEBUG=1",
					"$(inherited)",
				);
				GCC_WARN_64_TO_32_BIT_CONVERSION = YES;
				GCC_WARN_ABOUT_RETURN_TYPE = YES_ERROR;
				GCC_WARN_UNDECLARED_SELECTOR = YES;
				GCC_WARN_UNINITIALIZED_AUTOS = YES_AGGRESSIVE;
				GCC_WARN_UNUSED_FUNCTION = YES;
				GCC_WARN_UNUSED_VARIABLE = YES;
				IPHONEOS_DEPLOYMENT_TARGET = 10.2;
				MTL_ENABLE_DEBUG_INFO = YES;
				ONLY_ACTIVE_ARCH = YES;
				SDKROOT = iphoneos;
				SWIFT_ACTIVE_COMPILATION_CONDITIONS = DEBUG;
				SWIFT_OPTIMIZATION_LEVEL = "-Onone";
			};
			name = Debug;
		};
		CEDABE3F1E7F5EAB00FF1E28 /* Release */ = {
			isa = XCBuildConfiguration;
			buildSettings = {
				ALWAYS_SEARCH_USER_PATHS = NO;
				CLANG_ANALYZER_NONNULL = YES;
				CLANG_CXX_LANGUAGE_STANDARD = "gnu++0x";
				CLANG_CXX_LIBRARY = "libc++";
				CLANG_ENABLE_MODULES = YES;
				CLANG_ENABLE_OBJC_ARC = YES;
				CLANG_WARN_BOOL_CONVERSION = YES;
				CLANG_WARN_CONSTANT_CONVERSION = YES;
				CLANG_WARN_DIRECT_OBJC_ISA_USAGE = YES_ERROR;
				CLANG_WARN_DOCUMENTATION_COMMENTS = YES;
				CLANG_WARN_EMPTY_BODY = YES;
				CLANG_WARN_ENUM_CONVERSION = YES;
				CLANG_WARN_INFINITE_RECURSION = YES;
				CLANG_WARN_INT_CONVERSION = YES;
				CLANG_WARN_OBJC_ROOT_CLASS = YES_ERROR;
				CLANG_WARN_SUSPICIOUS_MOVE = YES;
				CLANG_WARN_UNREACHABLE_CODE = YES;
				CLANG_WARN__DUPLICATE_METHOD_MATCH = YES;
				"CODE_SIGN_IDENTITY[sdk=iphoneos*]" = "iPhone Developer";
				COPY_PHASE_STRIP = NO;
				DEBUG_INFORMATION_FORMAT = "dwarf-with-dsym";
				ENABLE_NS_ASSERTIONS = NO;
				ENABLE_STRICT_OBJC_MSGSEND = YES;
				GCC_C_LANGUAGE_STANDARD = gnu99;
				GCC_NO_COMMON_BLOCKS = YES;
				GCC_WARN_64_TO_32_BIT_CONVERSION = YES;
				GCC_WARN_ABOUT_RETURN_TYPE = YES_ERROR;
				GCC_WARN_UNDECLARED_SELECTOR = YES;
				GCC_WARN_UNINITIALIZED_AUTOS = YES_AGGRESSIVE;
				GCC_WARN_UNUSED_FUNCTION = YES;
				GCC_WARN_UNUSED_VARIABLE = YES;
				IPHONEOS_DEPLOYMENT_TARGET = 10.2;
				MTL_ENABLE_DEBUG_INFO = NO;
				SDKROOT = iphoneos;
				SWIFT_OPTIMIZATION_LEVEL = "-Owholemodule";
				VALIDATE_PRODUCT = YES;
			};
			name = Release;
		};
		CEDABE411E7F5EAB00FF1E28 /* Debug */ = {
			isa = XCBuildConfiguration;
			buildSettings = {
				ASSETCATALOG_COMPILER_APPICON_NAME = AppIcon;
				INFOPLIST_FILE = MadLibs/Info.plist;
				LD_RUNPATH_SEARCH_PATHS = "$(inherited) @executable_path/Frameworks";
				PRODUCT_BUNDLE_IDENTIFIER = com.codingdojo.uchang.MadLibs;
				PRODUCT_NAME = "$(TARGET_NAME)";
				SWIFT_VERSION = 3.0;
			};
			name = Debug;
		};
		CEDABE421E7F5EAB00FF1E28 /* Release */ = {
			isa = XCBuildConfiguration;
			buildSettings = {
				ASSETCATALOG_COMPILER_APPICON_NAME = AppIcon;
				INFOPLIST_FILE = MadLibs/Info.plist;
				LD_RUNPATH_SEARCH_PATHS = "$(inherited) @executable_path/Frameworks";
				PRODUCT_BUNDLE_IDENTIFIER = com.codingdojo.uchang.MadLibs;
				PRODUCT_NAME = "$(TARGET_NAME)";
				SWIFT_VERSION = 3.0;
			};
			name = Release;
		};
/* End XCBuildConfiguration section */

/* Begin XCConfigurationList section */
		CEDABE291E7F5EAB00FF1E28 /* Build configuration list for PBXProject "MadLibs" */ = {
			isa = XCConfigurationList;
			buildConfigurations = (
				CEDABE3E1E7F5EAB00FF1E28 /* Debug */,
				CEDABE3F1E7F5EAB00FF1E28 /* Release */,
			);
			defaultConfigurationIsVisible = 0;
			defaultConfigurationName = Release;
		};
		CEDABE401E7F5EAB00FF1E28 /* Build configuration list for PBXNativeTarget "MadLibs" */ = {
			isa = XCConfigurationList;
			buildConfigurations = (
				CEDABE411E7F5EAB00FF1E28 /* Debug */,
				CEDABE421E7F5EAB00FF1E28 /* Release */,
			);
			defaultConfigurationIsVisible = 0;
		};
/* End XCConfigurationList section */
	};
	rootObject = CEDABE261E7F5EAB00FF1E28 /* Project object */;
}
