// !$*UTF8*$!
{
	archiveVersion = 1;
	classes = {
	};
	objectVersion = 46;
	objects = {

/* Begin PBXBuildFile section */
		CEB39EEB1E81EC2A00FF04C4 /* AppDelegate.swift in Sources */ = {isa = PBXBuildFile; fileRef = CEB39EEA1E81EC2A00FF04C4 /* AppDelegate.swift */; };
		CEB39EF01E81EC2B00FF04C4 /* Main.storyboard in Resources */ = {isa = PBXBuildFile; fileRef = CEB39EEE1E81EC2B00FF04C4 /* Main.storyboard */; };
		CEB39EF31E81EC2B00FF04C4 /* myDogs.xcdatamodeld in Sources */ = {isa = PBXBuildFile; fileRef = CEB39EF11E81EC2B00FF04C4 /* myDogs.xcdatamodeld */; };
		CEB39EF51E81EC2B00FF04C4 /* Assets.xcassets in Resources */ = {isa = PBXBuildFile; fileRef = CEB39EF41E81EC2B00FF04C4 /* Assets.xcassets */; };
		CEB39EF81E81EC2B00FF04C4 /* LaunchScreen.storyboard in Resources */ = {isa = PBXBuildFile; fileRef = CEB39EF61E81EC2B00FF04C4 /* LaunchScreen.storyboard */; };
		CEB39F001E81EE3A00FF04C4 /* MainCollectionViewController.swift in Sources */ = {isa = PBXBuildFile; fileRef = CEB39EFF1E81EE3A00FF04C4 /* MainCollectionViewController.swift */; };
		CEB39F021E81F24A00FF04C4 /* AddDogViewController.swift in Sources */ = {isa = PBXBuildFile; fileRef = CEB39F011E81F24A00FF04C4 /* AddDogViewController.swift */; };
		CEB39F041E81F25E00FF04C4 /* EditDogViewController.swift in Sources */ = {isa = PBXBuildFile; fileRef = CEB39F031E81F25E00FF04C4 /* EditDogViewController.swift */; };
		CEB39F061E8209EB00FF04C4 /* EditDogDelegate.swift in Sources */ = {isa = PBXBuildFile; fileRef = CEB39F051E8209EB00FF04C4 /* EditDogDelegate.swift */; };
		CEB39F091E8230D500FF04C4 /* Dog+CoreDataClass.swift in Sources */ = {isa = PBXBuildFile; fileRef = CEB39F071E8230D500FF04C4 /* Dog+CoreDataClass.swift */; };
		CEB39F0A1E8230D500FF04C4 /* Dog+CoreDataProperties.swift in Sources */ = {isa = PBXBuildFile; fileRef = CEB39F081E8230D500FF04C4 /* Dog+CoreDataProperties.swift */; };
		CEB39F0C1E82367400FF04C4 /* CustomCell.swift in Sources */ = {isa = PBXBuildFile; fileRef = CEB39F0B1E82367400FF04C4 /* CustomCell.swift */; };
/* End PBXBuildFile section */

/* Begin PBXFileReference section */
		CEB39EE71E81EC2A00FF04C4 /* myDogs.app */ = {isa = PBXFileReference; explicitFileType = wrapper.application; includeInIndex = 0; path = myDogs.app; sourceTree = BUILT_PRODUCTS_DIR; };
		CEB39EEA1E81EC2A00FF04C4 /* AppDelegate.swift */ = {isa = PBXFileReference; lastKnownFileType = sourcecode.swift; path = AppDelegate.swift; sourceTree = "<group>"; };
		CEB39EEF1E81EC2B00FF04C4 /* Base */ = {isa = PBXFileReference; lastKnownFileType = file.storyboard; name = Base; path = Base.lproj/Main.storyboard; sourceTree = "<group>"; };
		CEB39EF21E81EC2B00FF04C4 /* myDogs.xcdatamodel */ = {isa = PBXFileReference; lastKnownFileType = wrapper.xcdatamodel; path = myDogs.xcdatamodel; sourceTree = "<group>"; };
		CEB39EF41E81EC2B00FF04C4 /* Assets.xcassets */ = {isa = PBXFileReference; lastKnownFileType = folder.assetcatalog; path = Assets.xcassets; sourceTree = "<group>"; };
		CEB39EF71E81EC2B00FF04C4 /* Base */ = {isa = PBXFileReference; lastKnownFileType = file.storyboard; name = Base; path = Base.lproj/LaunchScreen.storyboard; sourceTree = "<group>"; };
		CEB39EF91E81EC2B00FF04C4 /* Info.plist */ = {isa = PBXFileReference; lastKnownFileType = text.plist.xml; path = Info.plist; sourceTree = "<group>"; };
		CEB39EFF1E81EE3A00FF04C4 /* MainCollectionViewController.swift */ = {isa = PBXFileReference; fileEncoding = 4; lastKnownFileType = sourcecode.swift; path = MainCollectionViewController.swift; sourceTree = "<group>"; };
		CEB39F011E81F24A00FF04C4 /* AddDogViewController.swift */ = {isa = PBXFileReference; fileEncoding = 4; lastKnownFileType = sourcecode.swift; path = AddDogViewController.swift; sourceTree = "<group>"; };
		CEB39F031E81F25E00FF04C4 /* EditDogViewController.swift */ = {isa = PBXFileReference; fileEncoding = 4; lastKnownFileType = sourcecode.swift; path = EditDogViewController.swift; sourceTree = "<group>"; };
		CEB39F051E8209EB00FF04C4 /* EditDogDelegate.swift */ = {isa = PBXFileReference; fileEncoding = 4; lastKnownFileType = sourcecode.swift; path = EditDogDelegate.swift; sourceTree = "<group>"; };
		CEB39F071E8230D500FF04C4 /* Dog+CoreDataClass.swift */ = {isa = PBXFileReference; fileEncoding = 4; lastKnownFileType = sourcecode.swift; name = "Dog+CoreDataClass.swift"; path = "../Dog+CoreDataClass.swift"; sourceTree = "<group>"; };
		CEB39F081E8230D500FF04C4 /* Dog+CoreDataProperties.swift */ = {isa = PBXFileReference; fileEncoding = 4; lastKnownFileType = sourcecode.swift; name = "Dog+CoreDataProperties.swift"; path = "../Dog+CoreDataProperties.swift"; sourceTree = "<group>"; };
		CEB39F0B1E82367400FF04C4 /* CustomCell.swift */ = {isa = PBXFileReference; fileEncoding = 4; lastKnownFileType = sourcecode.swift; path = CustomCell.swift; sourceTree = "<group>"; };
/* End PBXFileReference section */

/* Begin PBXFrameworksBuildPhase section */
		CEB39EE41E81EC2A00FF04C4 /* Frameworks */ = {
			isa = PBXFrameworksBuildPhase;
			buildActionMask = 2147483647;
			files = (
			);
			runOnlyForDeploymentPostprocessing = 0;
		};
/* End PBXFrameworksBuildPhase section */

/* Begin PBXGroup section */
		CEB39EDE1E81EC2A00FF04C4 = {
			isa = PBXGroup;
			children = (
				CEB39EE91E81EC2A00FF04C4 /* myDogs */,
				CEB39EE81E81EC2A00FF04C4 /* Products */,
			);
			sourceTree = "<group>";
		};
		CEB39EE81E81EC2A00FF04C4 /* Products */ = {
			isa = PBXGroup;
			children = (
				CEB39EE71E81EC2A00FF04C4 /* myDogs.app */,
			);
			name = Products;
			sourceTree = "<group>";
		};
		CEB39EE91E81EC2A00FF04C4 /* myDogs */ = {
			isa = PBXGroup;
			children = (
				CEB39F071E8230D500FF04C4 /* Dog+CoreDataClass.swift */,
				CEB39F081E8230D500FF04C4 /* Dog+CoreDataProperties.swift */,
				CEB39EEA1E81EC2A00FF04C4 /* AppDelegate.swift */,
				CEB39EEE1E81EC2B00FF04C4 /* Main.storyboard */,
				CEB39EFF1E81EE3A00FF04C4 /* MainCollectionViewController.swift */,
				CEB39F011E81F24A00FF04C4 /* AddDogViewController.swift */,
				CEB39F031E81F25E00FF04C4 /* EditDogViewController.swift */,
				CEB39F0B1E82367400FF04C4 /* CustomCell.swift */,
				CEB39F051E8209EB00FF04C4 /* EditDogDelegate.swift */,
				CEB39EF41E81EC2B00FF04C4 /* Assets.xcassets */,
				CEB39EF61E81EC2B00FF04C4 /* LaunchScreen.storyboard */,
				CEB39EF91E81EC2B00FF04C4 /* Info.plist */,
				CEB39EF11E81EC2B00FF04C4 /* myDogs.xcdatamodeld */,
			);
			path = myDogs;
			sourceTree = "<group>";
		};
/* End PBXGroup section */

/* Begin PBXNativeTarget section */
		CEB39EE61E81EC2A00FF04C4 /* myDogs */ = {
			isa = PBXNativeTarget;
			buildConfigurationList = CEB39EFC1E81EC2B00FF04C4 /* Build configuration list for PBXNativeTarget "myDogs" */;
			buildPhases = (
				CEB39EE31E81EC2A00FF04C4 /* Sources */,
				CEB39EE41E81EC2A00FF04C4 /* Frameworks */,
				CEB39EE51E81EC2A00FF04C4 /* Resources */,
			);
			buildRules = (
			);
			dependencies = (
			);
			name = myDogs;
			productName = myDogs;
			productReference = CEB39EE71E81EC2A00FF04C4 /* myDogs.app */;
			productType = "com.apple.product-type.application";
		};
/* End PBXNativeTarget section */

/* Begin PBXProject section */
		CEB39EDF1E81EC2A00FF04C4 /* Project object */ = {
			isa = PBXProject;
			attributes = {
				LastSwiftUpdateCheck = 0820;
				LastUpgradeCheck = 0820;
				ORGANIZATIONNAME = CodingDojo;
				TargetAttributes = {
					CEB39EE61E81EC2A00FF04C4 = {
						CreatedOnToolsVersion = 8.2.1;
						ProvisioningStyle = Automatic;
					};
				};
			};
			buildConfigurationList = CEB39EE21E81EC2A00FF04C4 /* Build configuration list for PBXProject "myDogs" */;
			compatibilityVersion = "Xcode 3.2";
			developmentRegion = English;
			hasScannedForEncodings = 0;
			knownRegions = (
				en,
				Base,
			);
			mainGroup = CEB39EDE1E81EC2A00FF04C4;
			productRefGroup = CEB39EE81E81EC2A00FF04C4 /* Products */;
			projectDirPath = "";
			projectRoot = "";
			targets = (
				CEB39EE61E81EC2A00FF04C4 /* myDogs */,
			);
		};
/* End PBXProject section */

/* Begin PBXResourcesBuildPhase section */
		CEB39EE51E81EC2A00FF04C4 /* Resources */ = {
			isa = PBXResourcesBuildPhase;
			buildActionMask = 2147483647;
			files = (
				CEB39EF81E81EC2B00FF04C4 /* LaunchScreen.storyboard in Resources */,
				CEB39EF51E81EC2B00FF04C4 /* Assets.xcassets in Resources */,
				CEB39EF01E81EC2B00FF04C4 /* Main.storyboard in Resources */,
			);
			runOnlyForDeploymentPostprocessing = 0;
		};
/* End PBXResourcesBuildPhase section */

/* Begin PBXSourcesBuildPhase section */
		CEB39EE31E81EC2A00FF04C4 /* Sources */ = {
			isa = PBXSourcesBuildPhase;
			buildActionMask = 2147483647;
			files = (
				CEB39EEB1E81EC2A00FF04C4 /* AppDelegate.swift in Sources */,
				CEB39F001E81EE3A00FF04C4 /* MainCollectionViewController.swift in Sources */,
				CEB39EF31E81EC2B00FF04C4 /* myDogs.xcdatamodeld in Sources */,
				CEB39F061E8209EB00FF04C4 /* EditDogDelegate.swift in Sources */,
				CEB39F0C1E82367400FF04C4 /* CustomCell.swift in Sources */,
				CEB39F0A1E8230D500FF04C4 /* Dog+CoreDataProperties.swift in Sources */,
				CEB39F041E81F25E00FF04C4 /* EditDogViewController.swift in Sources */,
				CEB39F021E81F24A00FF04C4 /* AddDogViewController.swift in Sources */,
				CEB39F091E8230D500FF04C4 /* Dog+CoreDataClass.swift in Sources */,
			);
			runOnlyForDeploymentPostprocessing = 0;
		};
/* End PBXSourcesBuildPhase section */

/* Begin PBXVariantGroup section */
		CEB39EEE1E81EC2B00FF04C4 /* Main.storyboard */ = {
			isa = PBXVariantGroup;
			children = (
				CEB39EEF1E81EC2B00FF04C4 /* Base */,
			);
			name = Main.storyboard;
			sourceTree = "<group>";
		};
		CEB39EF61E81EC2B00FF04C4 /* LaunchScreen.storyboard */ = {
			isa = PBXVariantGroup;
			children = (
				CEB39EF71E81EC2B00FF04C4 /* Base */,
			);
			name = LaunchScreen.storyboard;
			sourceTree = "<group>";
		};
/* End PBXVariantGroup section */

/* Begin XCBuildConfiguration section */
		CEB39EFA1E81EC2B00FF04C4 /* Debug */ = {
			isa = XCBuildConfiguration;
			buildSettings = {
				ALWAYS_SEARCH_USER_PATHS = NO;
				CLANG_ANALYZER_NONNULL = YES;
				CLANG_CXX_LANGUAGE_STANDARD = "gnu++0x";
				CLANG_CXX_LIBRARY = "libc++";
				CLANG_ENABLE_MODULES = YES;
				CLANG_ENABLE_OBJC_ARC = YES;
				CLANG_WARN_BOOL_CONVERSION = YES;
				CLANG_WARN_CONSTANT_CONVERSION = YES;
				CLANG_WARN_DIRECT_OBJC_ISA_USAGE = YES_ERROR;
				CLANG_WARN_DOCUMENTATION_COMMENTS = YES;
				CLANG_WARN_EMPTY_BODY = YES;
				CLANG_WARN_ENUM_CONVERSION = YES;
				CLANG_WARN_INFINITE_RECURSION = YES;
				CLANG_WARN_INT_CONVERSION = YES;
				CLANG_WARN_OBJC_ROOT_CLASS = YES_ERROR;
				CLANG_WARN_SUSPICIOUS_MOVE = YES;
				CLANG_WARN_UNREACHABLE_CODE = YES;
				CLANG_WARN__DUPLICATE_METHOD_MATCH = YES;
				"CODE_SIGN_IDENTITY[sdk=iphoneos*]" = "iPhone Developer";
				COPY_PHASE_STRIP = NO;
				DEBUG_INFORMATION_FORMAT = dwarf;
				ENABLE_STRICT_OBJC_MSGSEND = YES;
				ENABLE_TESTABILITY = YES;
				GCC_C_LANGUAGE_STANDARD = gnu99;
				GCC_DYNAMIC_NO_PIC = NO;
				GCC_NO_COMMON_BLOCKS = YES;
				GCC_OPTIMIZATION_LEVEL = 0;
				GCC_PREPROCESSOR_DEFINITIONS = (
					"DEBUG=1",
					"$(inherited)",
				);
				GCC_WARN_64_TO_32_BIT_CONVERSION = YES;
				GCC_WARN_ABOUT_RETURN_TYPE = YES_ERROR;
				GCC_WARN_UNDECLARED_SELECTOR = YES;
				GCC_WARN_UNINITIALIZED_AUTOS = YES_AGGRESSIVE;
				GCC_WARN_UNUSED_FUNCTION = YES;
				GCC_WARN_UNUSED_VARIABLE = YES;
				IPHONEOS_DEPLOYMENT_TARGET = 10.2;
				MTL_ENABLE_DEBUG_INFO = YES;
				ONLY_ACTIVE_ARCH = YES;
				SDKROOT = iphoneos;
				SWIFT_ACTIVE_COMPILATION_CONDITIONS = DEBUG;
				SWIFT_OPTIMIZATION_LEVEL = "-Onone";
			};
			name = Debug;
		};
		CEB39EFB1E81EC2B00FF04C4 /* Release */ = {
			isa = XCBuildConfiguration;
			buildSettings = {
				ALWAYS_SEARCH_USER_PATHS = NO;
				CLANG_ANALYZER_NONNULL = YES;
				CLANG_CXX_LANGUAGE_STANDARD = "gnu++0x";
				CLANG_CXX_LIBRARY = "libc++";
				CLANG_ENABLE_MODULES = YES;
				CLANG_ENABLE_OBJC_ARC = YES;
				CLANG_WARN_BOOL_CONVERSION = YES;
				CLANG_WARN_CONSTANT_CONVERSION = YES;
				CLANG_WARN_DIRECT_OBJC_ISA_USAGE = YES_ERROR;
				CLANG_WARN_DOCUMENTATION_COMMENTS = YES;
				CLANG_WARN_EMPTY_BODY = YES;
				CLANG_WARN_ENUM_CONVERSION = YES;
				CLANG_WARN_INFINITE_RECURSION = YES;
				CLANG_WARN_INT_CONVERSION = YES;
				CLANG_WARN_OBJC_ROOT_CLASS = YES_ERROR;
				CLANG_WARN_SUSPICIOUS_MOVE = YES;
				CLANG_WARN_UNREACHABLE_CODE = YES;
				CLANG_WARN__DUPLICATE_METHOD_MATCH = YES;
				"CODE_SIGN_IDENTITY[sdk=iphoneos*]" = "iPhone Developer";
				COPY_PHASE_STRIP = NO;
				DEBUG_INFORMATION_FORMAT = "dwarf-with-dsym";
				ENABLE_NS_ASSERTIONS = NO;
				ENABLE_STRICT_OBJC_MSGSEND = YES;
				GCC_C_LANGUAGE_STANDARD = gnu99;
				GCC_NO_COMMON_BLOCKS = YES;
				GCC_WARN_64_TO_32_BIT_CONVERSION = YES;
				GCC_WARN_ABOUT_RETURN_TYPE = YES_ERROR;
				GCC_WARN_UNDECLARED_SELECTOR = YES;
				GCC_WARN_UNINITIALIZED_AUTOS = YES_AGGRESSIVE;
				GCC_WARN_UNUSED_FUNCTION = YES;
				GCC_WARN_UNUSED_VARIABLE = YES;
				IPHONEOS_DEPLOYMENT_TARGET = 10.2;
				MTL_ENABLE_DEBUG_INFO = NO;
				SDKROOT = iphoneos;
				SWIFT_OPTIMIZATION_LEVEL = "-Owholemodule";
				VALIDATE_PRODUCT = YES;
			};
			name = Release;
		};
		CEB39EFD1E81EC2B00FF04C4 /* Debug */ = {
			isa = XCBuildConfiguration;
			buildSettings = {
				ASSETCATALOG_COMPILER_APPICON_NAME = AppIcon;
				INFOPLIST_FILE = myDogs/Info.plist;
				LD_RUNPATH_SEARCH_PATHS = "$(inherited) @executable_path/Frameworks";
				PRODUCT_BUNDLE_IDENTIFIER = com.codingdojo.uchang.myDogs;
				PRODUCT_NAME = "$(TARGET_NAME)";
				SWIFT_VERSION = 3.0;
			};
			name = Debug;
		};
		CEB39EFE1E81EC2B00FF04C4 /* Release */ = {
			isa = XCBuildConfiguration;
			buildSettings = {
				ASSETCATALOG_COMPILER_APPICON_NAME = AppIcon;
				INFOPLIST_FILE = myDogs/Info.plist;
				LD_RUNPATH_SEARCH_PATHS = "$(inherited) @executable_path/Frameworks";
				PRODUCT_BUNDLE_IDENTIFIER = com.codingdojo.uchang.myDogs;
				PRODUCT_NAME = "$(TARGET_NAME)";
				SWIFT_VERSION = 3.0;
			};
			name = Release;
		};
/* End XCBuildConfiguration section */

/* Begin XCConfigurationList section */
		CEB39EE21E81EC2A00FF04C4 /* Build configuration list for PBXProject "myDogs" */ = {
			isa = XCConfigurationList;
			buildConfigurations = (
				CEB39EFA1E81EC2B00FF04C4 /* Debug */,
				CEB39EFB1E81EC2B00FF04C4 /* Release */,
			);
			defaultConfigurationIsVisible = 0;
			defaultConfigurationName = Release;
		};
		CEB39EFC1E81EC2B00FF04C4 /* Build configuration list for PBXNativeTarget "myDogs" */ = {
			isa = XCConfigurationList;
			buildConfigurations = (
				CEB39EFD1E81EC2B00FF04C4 /* Debug */,
				CEB39EFE1E81EC2B00FF04C4 /* Release */,
			);
			defaultConfigurationIsVisible = 0;
		};
/* End XCConfigurationList section */

/* Begin XCVersionGroup section */
		CEB39EF11E81EC2B00FF04C4 /* myDogs.xcdatamodeld */ = {
			isa = XCVersionGroup;
			children = (
				CEB39EF21E81EC2B00FF04C4 /* myDogs.xcdatamodel */,
			);
			currentVersion = CEB39EF21E81EC2B00FF04C4 /* myDogs.xcdatamodel */;
			path = myDogs.xcdatamodeld;
			sourceTree = "<group>";
			versionGroupType = wrapper.xcdatamodel;
		};
/* End XCVersionGroup section */
	};
	rootObject = CEB39EDF1E81EC2A00FF04C4 /* Project object */;
}
