// !$*UTF8*$!
{
	archiveVersion = 1;
	classes = {
	};
	objectVersion = 46;
	objects = {

/* Begin PBXBuildFile section */
		3F30D4DF55360F197311D470 /* Pods_FirebaseScoialLogin.framework in Frameworks */ = {isa = PBXBuildFile; fileRef = 121BE373DD6BBAEBB0CEBCB2 /* Pods_FirebaseScoialLogin.framework */; };
		CED30F501E8DF5990021EBD0 /* GoogleService-Info.plist in Resources */ = {isa = PBXBuildFile; fileRef = CED30F4F1E8DF5990021EBD0 /* GoogleService-Info.plist */; };
		FD01A0891E8C9398009BDB7A /* SwipeViewController.swift in Sources */ = {isa = PBXBuildFile; fileRef = FD01A0881E8C9398009BDB7A /* SwipeViewController.swift */; };
		FD87FF141E8AD909006985AF /* AppDelegate.swift in Sources */ = {isa = PBXBuildFile; fileRef = FD87FF131E8AD909006985AF /* AppDelegate.swift */; };
		FD87FF161E8AD909006985AF /* LoginViewController.swift in Sources */ = {isa = PBXBuildFile; fileRef = FD87FF151E8AD909006985AF /* LoginViewController.swift */; };
		FD87FF191E8AD909006985AF /* Main.storyboard in Resources */ = {isa = PBXBuildFile; fileRef = FD87FF171E8AD909006985AF /* Main.storyboard */; };
		FD87FF1B1E8AD909006985AF /* Assets.xcassets in Resources */ = {isa = PBXBuildFile; fileRef = FD87FF1A1E8AD909006985AF /* Assets.xcassets */; };
		FD87FF1E1E8AD90A006985AF /* LaunchScreen.storyboard in Resources */ = {isa = PBXBuildFile; fileRef = FD87FF1C1E8AD90A006985AF /* LaunchScreen.storyboard */; };
		FDED685F1E8DA50300A973CF /* UserObject.swift in Sources */ = {isa = PBXBuildFile; fileRef = FDED685E1E8DA50300A973CF /* UserObject.swift */; };
/* End PBXBuildFile section */

/* Begin PBXFileReference section */
		121BE373DD6BBAEBB0CEBCB2 /* Pods_FirebaseScoialLogin.framework */ = {isa = PBXFileReference; explicitFileType = wrapper.framework; includeInIndex = 0; path = Pods_FirebaseScoialLogin.framework; sourceTree = BUILT_PRODUCTS_DIR; };
		605B146638FCAE62CDD2950E /* Pods-FirebaseScoialLogin.release.xcconfig */ = {isa = PBXFileReference; includeInIndex = 1; lastKnownFileType = text.xcconfig; name = "Pods-FirebaseScoialLogin.release.xcconfig"; path = "Pods/Target Support Files/Pods-FirebaseScoialLogin/Pods-FirebaseScoialLogin.release.xcconfig"; sourceTree = "<group>"; };
		9A6E5124F6EA9DCC7D544B84 /* Pods-FirebaseScoialLogin.debug.xcconfig */ = {isa = PBXFileReference; includeInIndex = 1; lastKnownFileType = text.xcconfig; name = "Pods-FirebaseScoialLogin.debug.xcconfig"; path = "Pods/Target Support Files/Pods-FirebaseScoialLogin/Pods-FirebaseScoialLogin.debug.xcconfig"; sourceTree = "<group>"; };
		CED30F4F1E8DF5990021EBD0 /* GoogleService-Info.plist */ = {isa = PBXFileReference; fileEncoding = 4; lastKnownFileType = text.plist.xml; path = "GoogleService-Info.plist"; sourceTree = "<group>"; };
		FD01A0881E8C9398009BDB7A /* SwipeViewController.swift */ = {isa = PBXFileReference; fileEncoding = 4; lastKnownFileType = sourcecode.swift; path = SwipeViewController.swift; sourceTree = "<group>"; };
		FD87FF101E8AD909006985AF /* FirebaseScoialLogin.app */ = {isa = PBXFileReference; explicitFileType = wrapper.application; includeInIndex = 0; path = FirebaseScoialLogin.app; sourceTree = BUILT_PRODUCTS_DIR; };
		FD87FF131E8AD909006985AF /* AppDelegate.swift */ = {isa = PBXFileReference; lastKnownFileType = sourcecode.swift; path = AppDelegate.swift; sourceTree = "<group>"; };
		FD87FF151E8AD909006985AF /* LoginViewController.swift */ = {isa = PBXFileReference; lastKnownFileType = sourcecode.swift; path = LoginViewController.swift; sourceTree = "<group>"; };
		FD87FF181E8AD909006985AF /* Base */ = {isa = PBXFileReference; lastKnownFileType = file.storyboard; name = Base; path = Base.lproj/Main.storyboard; sourceTree = "<group>"; };
		FD87FF1A1E8AD909006985AF /* Assets.xcassets */ = {isa = PBXFileReference; lastKnownFileType = folder.assetcatalog; path = Assets.xcassets; sourceTree = "<group>"; };
		FD87FF1D1E8AD90A006985AF /* Base */ = {isa = PBXFileReference; lastKnownFileType = file.storyboard; name = Base; path = Base.lproj/LaunchScreen.storyboard; sourceTree = "<group>"; };
		FD87FF1F1E8AD90A006985AF /* Info.plist */ = {isa = PBXFileReference; lastKnownFileType = text.plist.xml; path = Info.plist; sourceTree = "<group>"; };
		FD87FF251E8AE4D9006985AF /* FirebaseScoialLogin.entitlements */ = {isa = PBXFileReference; lastKnownFileType = text.plist.entitlements; path = FirebaseScoialLogin.entitlements; sourceTree = "<group>"; };
		FDED685E1E8DA50300A973CF /* UserObject.swift */ = {isa = PBXFileReference; fileEncoding = 4; lastKnownFileType = sourcecode.swift; path = UserObject.swift; sourceTree = "<group>"; };
/* End PBXFileReference section */

/* Begin PBXFrameworksBuildPhase section */
		FD87FF0D1E8AD909006985AF /* Frameworks */ = {
			isa = PBXFrameworksBuildPhase;
			buildActionMask = 2147483647;
			files = (
				3F30D4DF55360F197311D470 /* Pods_FirebaseScoialLogin.framework in Frameworks */,
			);
			runOnlyForDeploymentPostprocessing = 0;
		};
/* End PBXFrameworksBuildPhase section */

/* Begin PBXGroup section */
		AAE9C0C85CF37E6D41C4734E /* Pods */ = {
			isa = PBXGroup;
			children = (
				9A6E5124F6EA9DCC7D544B84 /* Pods-FirebaseScoialLogin.debug.xcconfig */,
				605B146638FCAE62CDD2950E /* Pods-FirebaseScoialLogin.release.xcconfig */,
			);
			name = Pods;
			sourceTree = "<group>";
		};
		EB63D1FE408F42F24CB1C152 /* Frameworks */ = {
			isa = PBXGroup;
			children = (
				121BE373DD6BBAEBB0CEBCB2 /* Pods_FirebaseScoialLogin.framework */,
			);
			name = Frameworks;
			sourceTree = "<group>";
		};
		FD87FF071E8AD909006985AF = {
			isa = PBXGroup;
			children = (
				FD87FF121E8AD909006985AF /* FirebaseScoialLogin */,
				FD87FF111E8AD909006985AF /* Products */,
				AAE9C0C85CF37E6D41C4734E /* Pods */,
				EB63D1FE408F42F24CB1C152 /* Frameworks */,
			);
			sourceTree = "<group>";
		};
		FD87FF111E8AD909006985AF /* Products */ = {
			isa = PBXGroup;
			children = (
				FD87FF101E8AD909006985AF /* FirebaseScoialLogin.app */,
			);
			name = Products;
			sourceTree = "<group>";
		};
		FD87FF121E8AD909006985AF /* FirebaseScoialLogin */ = {
			isa = PBXGroup;
			children = (
				FD87FF251E8AE4D9006985AF /* FirebaseScoialLogin.entitlements */,
				FD87FF131E8AD909006985AF /* AppDelegate.swift */,
				FD87FF151E8AD909006985AF /* LoginViewController.swift */,
				FD87FF171E8AD909006985AF /* Main.storyboard */,
				CED30F4F1E8DF5990021EBD0 /* GoogleService-Info.plist */,
				FD01A0881E8C9398009BDB7A /* SwipeViewController.swift */,
				FDED685E1E8DA50300A973CF /* UserObject.swift */,
				FD87FF1A1E8AD909006985AF /* Assets.xcassets */,
				FD87FF1C1E8AD90A006985AF /* LaunchScreen.storyboard */,
				FD87FF1F1E8AD90A006985AF /* Info.plist */,
			);
			path = FirebaseScoialLogin;
			sourceTree = "<group>";
		};
/* End PBXGroup section */

/* Begin PBXNativeTarget section */
		FD87FF0F1E8AD909006985AF /* FirebaseScoialLogin */ = {
			isa = PBXNativeTarget;
			buildConfigurationList = FD87FF221E8AD90A006985AF /* Build configuration list for PBXNativeTarget "FirebaseScoialLogin" */;
			buildPhases = (
				5BDA5B833E7DE83DA44D0926 /* [CP] Check Pods Manifest.lock */,
				FD87FF0C1E8AD909006985AF /* Sources */,
				FD87FF0D1E8AD909006985AF /* Frameworks */,
				FD87FF0E1E8AD909006985AF /* Resources */,
				15B968AC56BA5C656235DBE6 /* [CP] Embed Pods Frameworks */,
				248113BB7A9BAE719C650FE6 /* [CP] Copy Pods Resources */,
			);
			buildRules = (
			);
			dependencies = (
			);
			name = FirebaseScoialLogin;
			productName = FirebaseScoialLogin;
			productReference = FD87FF101E8AD909006985AF /* FirebaseScoialLogin.app */;
			productType = "com.apple.product-type.application";
		};
/* End PBXNativeTarget section */

/* Begin PBXProject section */
		FD87FF081E8AD909006985AF /* Project object */ = {
			isa = PBXProject;
			attributes = {
				LastSwiftUpdateCheck = 0820;
				LastUpgradeCheck = 0820;
				ORGANIZATIONNAME = "Basila Nathan";
				TargetAttributes = {
					FD87FF0F1E8AD909006985AF = {
						CreatedOnToolsVersion = 8.2.1;
						DevelopmentTeam = HAQFJLR684;
						ProvisioningStyle = Automatic;
						SystemCapabilities = {
							com.apple.Keychain = {
								enabled = 1;
							};
						};
					};
				};
			};
			buildConfigurationList = FD87FF0B1E8AD909006985AF /* Build configuration list for PBXProject "FirebaseScoialLogin" */;
			compatibilityVersion = "Xcode 3.2";
			developmentRegion = English;
			hasScannedForEncodings = 0;
			knownRegions = (
				en,
				Base,
			);
			mainGroup = FD87FF071E8AD909006985AF;
			productRefGroup = FD87FF111E8AD909006985AF /* Products */;
			projectDirPath = "";
			projectRoot = "";
			targets = (
				FD87FF0F1E8AD909006985AF /* FirebaseScoialLogin */,
			);
		};
/* End PBXProject section */

/* Begin PBXResourcesBuildPhase section */
		FD87FF0E1E8AD909006985AF /* Resources */ = {
			isa = PBXResourcesBuildPhase;
			buildActionMask = 2147483647;
			files = (
				FD87FF1E1E8AD90A006985AF /* LaunchScreen.storyboard in Resources */,
				CED30F501E8DF5990021EBD0 /* GoogleService-Info.plist in Resources */,
				FD87FF1B1E8AD909006985AF /* Assets.xcassets in Resources */,
				FD87FF191E8AD909006985AF /* Main.storyboard in Resources */,
			);
			runOnlyForDeploymentPostprocessing = 0;
		};
/* End PBXResourcesBuildPhase section */

/* Begin PBXShellScriptBuildPhase section */
		15B968AC56BA5C656235DBE6 /* [CP] Embed Pods Frameworks */ = {
			isa = PBXShellScriptBuildPhase;
			buildActionMask = 2147483647;
			files = (
			);
			inputPaths = (
			);
			name = "[CP] Embed Pods Frameworks";
			outputPaths = (
			);
			runOnlyForDeploymentPostprocessing = 0;
			shellPath = /bin/sh;
			shellScript = "\"${SRCROOT}/Pods/Target Support Files/Pods-FirebaseScoialLogin/Pods-FirebaseScoialLogin-frameworks.sh\"\n";
			showEnvVarsInLog = 0;
		};
		248113BB7A9BAE719C650FE6 /* [CP] Copy Pods Resources */ = {
			isa = PBXShellScriptBuildPhase;
			buildActionMask = 2147483647;
			files = (
			);
			inputPaths = (
			);
			name = "[CP] Copy Pods Resources";
			outputPaths = (
			);
			runOnlyForDeploymentPostprocessing = 0;
			shellPath = /bin/sh;
			shellScript = "\"${SRCROOT}/Pods/Target Support Files/Pods-FirebaseScoialLogin/Pods-FirebaseScoialLogin-resources.sh\"\n";
			showEnvVarsInLog = 0;
		};
		5BDA5B833E7DE83DA44D0926 /* [CP] Check Pods Manifest.lock */ = {
			isa = PBXShellScriptBuildPhase;
			buildActionMask = 2147483647;
			files = (
			);
			inputPaths = (
			);
			name = "[CP] Check Pods Manifest.lock";
			outputPaths = (
			);
			runOnlyForDeploymentPostprocessing = 0;
			shellPath = /bin/sh;
			shellScript = "diff \"${PODS_ROOT}/../Podfile.lock\" \"${PODS_ROOT}/Manifest.lock\" > /dev/null\nif [ $? != 0 ] ; then\n    # print error to STDERR\n    echo \"error: The sandbox is not in sync with the Podfile.lock. Run 'pod install' or update your CocoaPods installation.\" >&2\n    exit 1\nfi\n";
			showEnvVarsInLog = 0;
		};
/* End PBXShellScriptBuildPhase section */

/* Begin PBXSourcesBuildPhase section */
		FD87FF0C1E8AD909006985AF /* Sources */ = {
			isa = PBXSourcesBuildPhase;
			buildActionMask = 2147483647;
			files = (
				FD87FF161E8AD909006985AF /* LoginViewController.swift in Sources */,
				FDED685F1E8DA50300A973CF /* UserObject.swift in Sources */,
				FD87FF141E8AD909006985AF /* AppDelegate.swift in Sources */,
				FD01A0891E8C9398009BDB7A /* SwipeViewController.swift in Sources */,
			);
			runOnlyForDeploymentPostprocessing = 0;
		};
/* End PBXSourcesBuildPhase section */

/* Begin PBXVariantGroup section */
		FD87FF171E8AD909006985AF /* Main.storyboard */ = {
			isa = PBXVariantGroup;
			children = (
				FD87FF181E8AD909006985AF /* Base */,
			);
			name = Main.storyboard;
			sourceTree = "<group>";
		};
		FD87FF1C1E8AD90A006985AF /* LaunchScreen.storyboard */ = {
			isa = PBXVariantGroup;
			children = (
				FD87FF1D1E8AD90A006985AF /* Base */,
			);
			name = LaunchScreen.storyboard;
			sourceTree = "<group>";
		};
/* End PBXVariantGroup section */

/* Begin XCBuildConfiguration section */
		FD87FF201E8AD90A006985AF /* Debug */ = {
			isa = XCBuildConfiguration;
			buildSettings = {
				ALWAYS_SEARCH_USER_PATHS = NO;
				CLANG_ANALYZER_NONNULL = YES;
				CLANG_CXX_LANGUAGE_STANDARD = "gnu++0x";
				CLANG_CXX_LIBRARY = "libc++";
				CLANG_ENABLE_MODULES = YES;
				CLANG_ENABLE_OBJC_ARC = YES;
				CLANG_WARN_BOOL_CONVERSION = YES;
				CLANG_WARN_CONSTANT_CONVERSION = YES;
				CLANG_WARN_DIRECT_OBJC_ISA_USAGE = YES_ERROR;
				CLANG_WARN_DOCUMENTATION_COMMENTS = YES;
				CLANG_WARN_EMPTY_BODY = YES;
				CLANG_WARN_ENUM_CONVERSION = YES;
				CLANG_WARN_INFINITE_RECURSION = YES;
				CLANG_WARN_INT_CONVERSION = YES;
				CLANG_WARN_OBJC_ROOT_CLASS = YES_ERROR;
				CLANG_WARN_SUSPICIOUS_MOVE = YES;
				CLANG_WARN_UNREACHABLE_CODE = YES;
				CLANG_WARN__DUPLICATE_METHOD_MATCH = YES;
				"CODE_SIGN_IDENTITY[sdk=iphoneos*]" = "iPhone Developer";
				COPY_PHASE_STRIP = NO;
				DEBUG_INFORMATION_FORMAT = dwarf;
				ENABLE_STRICT_OBJC_MSGSEND = YES;
				ENABLE_TESTABILITY = YES;
				GCC_C_LANGUAGE_STANDARD = gnu99;
				GCC_DYNAMIC_NO_PIC = NO;
				GCC_NO_COMMON_BLOCKS = YES;
				GCC_OPTIMIZATION_LEVEL = 0;
				GCC_PREPROCESSOR_DEFINITIONS = (
					"DEBUG=1",
					"$(inherited)",
				);
				GCC_WARN_64_TO_32_BIT_CONVERSION = YES;
				GCC_WARN_ABOUT_RETURN_TYPE = YES_ERROR;
				GCC_WARN_UNDECLARED_SELECTOR = YES;
				GCC_WARN_UNINITIALIZED_AUTOS = YES_AGGRESSIVE;
				GCC_WARN_UNUSED_FUNCTION = YES;
				GCC_WARN_UNUSED_VARIABLE = YES;
				IPHONEOS_DEPLOYMENT_TARGET = 10.2;
				MTL_ENABLE_DEBUG_INFO = YES;
				ONLY_ACTIVE_ARCH = YES;
				SDKROOT = iphoneos;
				SWIFT_ACTIVE_COMPILATION_CONDITIONS = DEBUG;
				SWIFT_OPTIMIZATION_LEVEL = "-Onone";
				TARGETED_DEVICE_FAMILY = "1,2";
			};
			name = Debug;
		};
		FD87FF211E8AD90A006985AF /* Release */ = {
			isa = XCBuildConfiguration;
			buildSettings = {
				ALWAYS_SEARCH_USER_PATHS = NO;
				CLANG_ANALYZER_NONNULL = YES;
				CLANG_CXX_LANGUAGE_STANDARD = "gnu++0x";
				CLANG_CXX_LIBRARY = "libc++";
				CLANG_ENABLE_MODULES = YES;
				CLANG_ENABLE_OBJC_ARC = YES;
				CLANG_WARN_BOOL_CONVERSION = YES;
				CLANG_WARN_CONSTANT_CONVERSION = YES;
				CLANG_WARN_DIRECT_OBJC_ISA_USAGE = YES_ERROR;
				CLANG_WARN_DOCUMENTATION_COMMENTS = YES;
				CLANG_WARN_EMPTY_BODY = YES;
				CLANG_WARN_ENUM_CONVERSION = YES;
				CLANG_WARN_INFINITE_RECURSION = YES;
				CLANG_WARN_INT_CONVERSION = YES;
				CLANG_WARN_OBJC_ROOT_CLASS = YES_ERROR;
				CLANG_WARN_SUSPICIOUS_MOVE = YES;
				CLANG_WARN_UNREACHABLE_CODE = YES;
				CLANG_WARN__DUPLICATE_METHOD_MATCH = YES;
				"CODE_SIGN_IDENTITY[sdk=iphoneos*]" = "iPhone Developer";
				COPY_PHASE_STRIP = NO;
				DEBUG_INFORMATION_FORMAT = "dwarf-with-dsym";
				ENABLE_NS_ASSERTIONS = NO;
				ENABLE_STRICT_OBJC_MSGSEND = YES;
				GCC_C_LANGUAGE_STANDARD = gnu99;
				GCC_NO_COMMON_BLOCKS = YES;
				GCC_WARN_64_TO_32_BIT_CONVERSION = YES;
				GCC_WARN_ABOUT_RETURN_TYPE = YES_ERROR;
				GCC_WARN_UNDECLARED_SELECTOR = YES;
				GCC_WARN_UNINITIALIZED_AUTOS = YES_AGGRESSIVE;
				GCC_WARN_UNUSED_FUNCTION = YES;
				GCC_WARN_UNUSED_VARIABLE = YES;
				IPHONEOS_DEPLOYMENT_TARGET = 10.2;
				MTL_ENABLE_DEBUG_INFO = NO;
				SDKROOT = iphoneos;
				SWIFT_OPTIMIZATION_LEVEL = "-Owholemodule";
				TARGETED_DEVICE_FAMILY = "1,2";
				VALIDATE_PRODUCT = YES;
			};
			name = Release;
		};
		FD87FF231E8AD90A006985AF /* Debug */ = {
			isa = XCBuildConfiguration;
			baseConfigurationReference = 9A6E5124F6EA9DCC7D544B84 /* Pods-FirebaseScoialLogin.debug.xcconfig */;
			buildSettings = {
				ASSETCATALOG_COMPILER_APPICON_NAME = AppIcon;
				CODE_SIGN_ENTITLEMENTS = FirebaseScoialLogin/FirebaseScoialLogin.entitlements;
				DEVELOPMENT_TEAM = HAQFJLR684;
				INFOPLIST_FILE = FirebaseScoialLogin/Info.plist;
				LD_RUNPATH_SEARCH_PATHS = "$(inherited) @executable_path/Frameworks";
				PRODUCT_BUNDLE_IDENTIFIER = Basila.FirebaseScoialLogin;
				PRODUCT_NAME = "$(TARGET_NAME)";
				SWIFT_VERSION = 3.0;
			};
			name = Debug;
		};
		FD87FF241E8AD90A006985AF /* Release */ = {
			isa = XCBuildConfiguration;
			baseConfigurationReference = 605B146638FCAE62CDD2950E /* Pods-FirebaseScoialLogin.release.xcconfig */;
			buildSettings = {
				ASSETCATALOG_COMPILER_APPICON_NAME = AppIcon;
				CODE_SIGN_ENTITLEMENTS = FirebaseScoialLogin/FirebaseScoialLogin.entitlements;
				DEVELOPMENT_TEAM = HAQFJLR684;
				INFOPLIST_FILE = FirebaseScoialLogin/Info.plist;
				LD_RUNPATH_SEARCH_PATHS = "$(inherited) @executable_path/Frameworks";
				PRODUCT_BUNDLE_IDENTIFIER = Basila.FirebaseScoialLogin;
				PRODUCT_NAME = "$(TARGET_NAME)";
				SWIFT_VERSION = 3.0;
			};
			name = Release;
		};
/* End XCBuildConfiguration section */

/* Begin XCConfigurationList section */
		FD87FF0B1E8AD909006985AF /* Build configuration list for PBXProject "FirebaseScoialLogin" */ = {
			isa = XCConfigurationList;
			buildConfigurations = (
				FD87FF201E8AD90A006985AF /* Debug */,
				FD87FF211E8AD90A006985AF /* Release */,
			);
			defaultConfigurationIsVisible = 0;
			defaultConfigurationName = Release;
		};
		FD87FF221E8AD90A006985AF /* Build configuration list for PBXNativeTarget "FirebaseScoialLogin" */ = {
			isa = XCConfigurationList;
			buildConfigurations = (
				FD87FF231E8AD90A006985AF /* Debug */,
				FD87FF241E8AD90A006985AF /* Release */,
			);
			defaultConfigurationIsVisible = 0;
			defaultConfigurationName = Release;
		};
/* End XCConfigurationList section */
	};
	rootObject = FD87FF081E8AD909006985AF /* Project object */;
}
