// !$*UTF8*$!
{
	archiveVersion = 1;
	classes = {
	};
	objectVersion = 46;
	objects = {

/* Begin PBXBuildFile section */
		CE010D0A1E77C17E008DAA11 /* AppDelegate.swift in Sources */ = {isa = PBXBuildFile; fileRef = CE010D091E77C17E008DAA11 /* AppDelegate.swift */; };
		CE010D0C1E77C17E008DAA11 /* ViewController.swift in Sources */ = {isa = PBXBuildFile; fileRef = CE010D0B1E77C17E008DAA11 /* ViewController.swift */; };
		CE010D0F1E77C17E008DAA11 /* Main.storyboard in Resources */ = {isa = PBXBuildFile; fileRef = CE010D0D1E77C17E008DAA11 /* Main.storyboard */; };
		CE010D111E77C17E008DAA11 /* Assets.xcassets in Resources */ = {isa = PBXBuildFile; fileRef = CE010D101E77C17E008DAA11 /* Assets.xcassets */; };
		CE010D141E77C17E008DAA11 /* LaunchScreen.storyboard in Resources */ = {isa = PBXBuildFile; fileRef = CE010D121E77C17E008DAA11 /* LaunchScreen.storyboard */; };
/* End PBXBuildFile section */

/* Begin PBXFileReference section */
		CE010D061E77C17E008DAA11 /* rainbowRoad.app */ = {isa = PBXFileReference; explicitFileType = wrapper.application; includeInIndex = 0; path = rainbowRoad.app; sourceTree = BUILT_PRODUCTS_DIR; };
		CE010D091E77C17E008DAA11 /* AppDelegate.swift */ = {isa = PBXFileReference; lastKnownFileType = sourcecode.swift; path = AppDelegate.swift; sourceTree = "<group>"; };
		CE010D0B1E77C17E008DAA11 /* ViewController.swift */ = {isa = PBXFileReference; lastKnownFileType = sourcecode.swift; path = ViewController.swift; sourceTree = "<group>"; };
		CE010D0E1E77C17E008DAA11 /* Base */ = {isa = PBXFileReference; lastKnownFileType = file.storyboard; name = Base; path = Base.lproj/Main.storyboard; sourceTree = "<group>"; };
		CE010D101E77C17E008DAA11 /* Assets.xcassets */ = {isa = PBXFileReference; lastKnownFileType = folder.assetcatalog; path = Assets.xcassets; sourceTree = "<group>"; };
		CE010D131E77C17E008DAA11 /* Base */ = {isa = PBXFileReference; lastKnownFileType = file.storyboard; name = Base; path = Base.lproj/LaunchScreen.storyboard; sourceTree = "<group>"; };
		CE010D151E77C17E008DAA11 /* Info.plist */ = {isa = PBXFileReference; lastKnownFileType = text.plist.xml; path = Info.plist; sourceTree = "<group>"; };
/* End PBXFileReference section */

/* Begin PBXFrameworksBuildPhase section */
		CE010D031E77C17E008DAA11 /* Frameworks */ = {
			isa = PBXFrameworksBuildPhase;
			buildActionMask = 2147483647;
			files = (
			);
			runOnlyForDeploymentPostprocessing = 0;
		};
/* End PBXFrameworksBuildPhase section */

/* Begin PBXGroup section */
		CE010CFD1E77C17E008DAA11 = {
			isa = PBXGroup;
			children = (
				CE010D081E77C17E008DAA11 /* rainbowRoad */,
				CE010D071E77C17E008DAA11 /* Products */,
			);
			sourceTree = "<group>";
		};
		CE010D071E77C17E008DAA11 /* Products */ = {
			isa = PBXGroup;
			children = (
				CE010D061E77C17E008DAA11 /* rainbowRoad.app */,
			);
			name = Products;
			sourceTree = "<group>";
		};
		CE010D081E77C17E008DAA11 /* rainbowRoad */ = {
			isa = PBXGroup;
			children = (
				CE010D091E77C17E008DAA11 /* AppDelegate.swift */,
				CE010D0B1E77C17E008DAA11 /* ViewController.swift */,
				CE010D0D1E77C17E008DAA11 /* Main.storyboard */,
				CE010D101E77C17E008DAA11 /* Assets.xcassets */,
				CE010D121E77C17E008DAA11 /* LaunchScreen.storyboard */,
				CE010D151E77C17E008DAA11 /* Info.plist */,
			);
			path = rainbowRoad;
			sourceTree = "<group>";
		};
/* End PBXGroup section */

/* Begin PBXNativeTarget section */
		CE010D051E77C17E008DAA11 /* rainbowRoad */ = {
			isa = PBXNativeTarget;
			buildConfigurationList = CE010D181E77C17E008DAA11 /* Build configuration list for PBXNativeTarget "rainbowRoad" */;
			buildPhases = (
				CE010D021E77C17E008DAA11 /* Sources */,
				CE010D031E77C17E008DAA11 /* Frameworks */,
				CE010D041E77C17E008DAA11 /* Resources */,
			);
			buildRules = (
			);
			dependencies = (
			);
			name = rainbowRoad;
			productName = rainbowRoad;
			productReference = CE010D061E77C17E008DAA11 /* rainbowRoad.app */;
			productType = "com.apple.product-type.application";
		};
/* End PBXNativeTarget section */

/* Begin PBXProject section */
		CE010CFE1E77C17E008DAA11 /* Project object */ = {
			isa = PBXProject;
			attributes = {
				LastSwiftUpdateCheck = 0820;
				LastUpgradeCheck = 0820;
				ORGANIZATIONNAME = CodingDojo;
				TargetAttributes = {
					CE010D051E77C17E008DAA11 = {
						CreatedOnToolsVersion = 8.2.1;
						ProvisioningStyle = Automatic;
					};
				};
			};
			buildConfigurationList = CE010D011E77C17E008DAA11 /* Build configuration list for PBXProject "rainbowRoad" */;
			compatibilityVersion = "Xcode 3.2";
			developmentRegion = English;
			hasScannedForEncodings = 0;
			knownRegions = (
				en,
				Base,
			);
			mainGroup = CE010CFD1E77C17E008DAA11;
			productRefGroup = CE010D071E77C17E008DAA11 /* Products */;
			projectDirPath = "";
			projectRoot = "";
			targets = (
				CE010D051E77C17E008DAA11 /* rainbowRoad */,
			);
		};
/* End PBXProject section */

/* Begin PBXResourcesBuildPhase section */
		CE010D041E77C17E008DAA11 /* Resources */ = {
			isa = PBXResourcesBuildPhase;
			buildActionMask = 2147483647;
			files = (
				CE010D141E77C17E008DAA11 /* LaunchScreen.storyboard in Resources */,
				CE010D111E77C17E008DAA11 /* Assets.xcassets in Resources */,
				CE010D0F1E77C17E008DAA11 /* Main.storyboard in Resources */,
			);
			runOnlyForDeploymentPostprocessing = 0;
		};
/* End PBXResourcesBuildPhase section */

/* Begin PBXSourcesBuildPhase section */
		CE010D021E77C17E008DAA11 /* Sources */ = {
			isa = PBXSourcesBuildPhase;
			buildActionMask = 2147483647;
			files = (
				CE010D0C1E77C17E008DAA11 /* ViewController.swift in Sources */,
				CE010D0A1E77C17E008DAA11 /* AppDelegate.swift in Sources */,
			);
			runOnlyForDeploymentPostprocessing = 0;
		};
/* End PBXSourcesBuildPhase section */

/* Begin PBXVariantGroup section */
		CE010D0D1E77C17E008DAA11 /* Main.storyboard */ = {
			isa = PBXVariantGroup;
			children = (
				CE010D0E1E77C17E008DAA11 /* Base */,
			);
			name = Main.storyboard;
			sourceTree = "<group>";
		};
		CE010D121E77C17E008DAA11 /* LaunchScreen.storyboard */ = {
			isa = PBXVariantGroup;
			children = (
				CE010D131E77C17E008DAA11 /* Base */,
			);
			name = LaunchScreen.storyboard;
			sourceTree = "<group>";
		};
/* End PBXVariantGroup section */

/* Begin XCBuildConfiguration section */
		CE010D161E77C17E008DAA11 /* Debug */ = {
			isa = XCBuildConfiguration;
			buildSettings = {
				ALWAYS_SEARCH_USER_PATHS = NO;
				CLANG_ANALYZER_NONNULL = YES;
				CLANG_CXX_LANGUAGE_STANDARD = "gnu++0x";
				CLANG_CXX_LIBRARY = "libc++";
				CLANG_ENABLE_MODULES = YES;
				CLANG_ENABLE_OBJC_ARC = YES;
				CLANG_WARN_BOOL_CONVERSION = YES;
				CLANG_WARN_CONSTANT_CONVERSION = YES;
				CLANG_WARN_DIRECT_OBJC_ISA_USAGE = YES_ERROR;
				CLANG_WARN_DOCUMENTATION_COMMENTS = YES;
				CLANG_WARN_EMPTY_BODY = YES;
				CLANG_WARN_ENUM_CONVERSION = YES;
				CLANG_WARN_INFINITE_RECURSION = YES;
				CLANG_WARN_INT_CONVERSION = YES;
				CLANG_WARN_OBJC_ROOT_CLASS = YES_ERROR;
				CLANG_WARN_SUSPICIOUS_MOVE = YES;
				CLANG_WARN_UNREACHABLE_CODE = YES;
				CLANG_WARN__DUPLICATE_METHOD_MATCH = YES;
				"CODE_SIGN_IDENTITY[sdk=iphoneos*]" = "iPhone Developer";
				COPY_PHASE_STRIP = NO;
				DEBUG_INFORMATION_FORMAT = dwarf;
				ENABLE_STRICT_OBJC_MSGSEND = YES;
				ENABLE_TESTABILITY = YES;
				GCC_C_LANGUAGE_STANDARD = gnu99;
				GCC_DYNAMIC_NO_PIC = NO;
				GCC_NO_COMMON_BLOCKS = YES;
				GCC_OPTIMIZATION_LEVEL = 0;
				GCC_PREPROCESSOR_DEFINITIONS = (
					"DEBUG=1",
					"$(inherited)",
				);
				GCC_WARN_64_TO_32_BIT_CONVERSION = YES;
				GCC_WARN_ABOUT_RETURN_TYPE = YES_ERROR;
				GCC_WARN_UNDECLARED_SELECTOR = YES;
				GCC_WARN_UNINITIALIZED_AUTOS = YES_AGGRESSIVE;
				GCC_WARN_UNUSED_FUNCTION = YES;
				GCC_WARN_UNUSED_VARIABLE = YES;
				IPHONEOS_DEPLOYMENT_TARGET = 10.2;
				MTL_ENABLE_DEBUG_INFO = YES;
				ONLY_ACTIVE_ARCH = YES;
				SDKROOT = iphoneos;
				SWIFT_ACTIVE_COMPILATION_CONDITIONS = DEBUG;
				SWIFT_OPTIMIZATION_LEVEL = "-Onone";
			};
			name = Debug;
		};
		CE010D171E77C17E008DAA11 /* Release */ = {
			isa = XCBuildConfiguration;
			buildSettings = {
				ALWAYS_SEARCH_USER_PATHS = NO;
				CLANG_ANALYZER_NONNULL = YES;
				CLANG_CXX_LANGUAGE_STANDARD = "gnu++0x";
				CLANG_CXX_LIBRARY = "libc++";
				CLANG_ENABLE_MODULES = YES;
				CLANG_ENABLE_OBJC_ARC = YES;
				CLANG_WARN_BOOL_CONVERSION = YES;
				CLANG_WARN_CONSTANT_CONVERSION = YES;
				CLANG_WARN_DIRECT_OBJC_ISA_USAGE = YES_ERROR;
				CLANG_WARN_DOCUMENTATION_COMMENTS = YES;
				CLANG_WARN_EMPTY_BODY = YES;
				CLANG_WARN_ENUM_CONVERSION = YES;
				CLANG_WARN_INFINITE_RECURSION = YES;
				CLANG_WARN_INT_CONVERSION = YES;
				CLANG_WARN_OBJC_ROOT_CLASS = YES_ERROR;
				CLANG_WARN_SUSPICIOUS_MOVE = YES;
				CLANG_WARN_UNREACHABLE_CODE = YES;
				CLANG_WARN__DUPLICATE_METHOD_MATCH = YES;
				"CODE_SIGN_IDENTITY[sdk=iphoneos*]" = "iPhone Developer";
				COPY_PHASE_STRIP = NO;
				DEBUG_INFORMATION_FORMAT = "dwarf-with-dsym";
				ENABLE_NS_ASSERTIONS = NO;
				ENABLE_STRICT_OBJC_MSGSEND = YES;
				GCC_C_LANGUAGE_STANDARD = gnu99;
				GCC_NO_COMMON_BLOCKS = YES;
				GCC_WARN_64_TO_32_BIT_CONVERSION = YES;
				GCC_WARN_ABOUT_RETURN_TYPE = YES_ERROR;
				GCC_WARN_UNDECLARED_SELECTOR = YES;
				GCC_WARN_UNINITIALIZED_AUTOS = YES_AGGRESSIVE;
				GCC_WARN_UNUSED_FUNCTION = YES;
				GCC_WARN_UNUSED_VARIABLE = YES;
				IPHONEOS_DEPLOYMENT_TARGET = 10.2;
				MTL_ENABLE_DEBUG_INFO = NO;
				SDKROOT = iphoneos;
				SWIFT_OPTIMIZATION_LEVEL = "-Owholemodule";
				VALIDATE_PRODUCT = YES;
			};
			name = Release;
		};
		CE010D191E77C17E008DAA11 /* Debug */ = {
			isa = XCBuildConfiguration;
			buildSettings = {
				ASSETCATALOG_COMPILER_APPICON_NAME = AppIcon;
				INFOPLIST_FILE = rainbowRoad/Info.plist;
				LD_RUNPATH_SEARCH_PATHS = "$(inherited) @executable_path/Frameworks";
				PRODUCT_BUNDLE_IDENTIFIER = com.codingdojo.uchang.rainbowRoad;
				PRODUCT_NAME = "$(TARGET_NAME)";
				SWIFT_VERSION = 3.0;
			};
			name = Debug;
		};
		CE010D1A1E77C17E008DAA11 /* Release */ = {
			isa = XCBuildConfiguration;
			buildSettings = {
				ASSETCATALOG_COMPILER_APPICON_NAME = AppIcon;
				INFOPLIST_FILE = rainbowRoad/Info.plist;
				LD_RUNPATH_SEARCH_PATHS = "$(inherited) @executable_path/Frameworks";
				PRODUCT_BUNDLE_IDENTIFIER = com.codingdojo.uchang.rainbowRoad;
				PRODUCT_NAME = "$(TARGET_NAME)";
				SWIFT_VERSION = 3.0;
			};
			name = Release;
		};
/* End XCBuildConfiguration section */

/* Begin XCConfigurationList section */
		CE010D011E77C17E008DAA11 /* Build configuration list for PBXProject "rainbowRoad" */ = {
			isa = XCConfigurationList;
			buildConfigurations = (
				CE010D161E77C17E008DAA11 /* Debug */,
				CE010D171E77C17E008DAA11 /* Release */,
			);
			defaultConfigurationIsVisible = 0;
			defaultConfigurationName = Release;
		};
		CE010D181E77C17E008DAA11 /* Build configuration list for PBXNativeTarget "rainbowRoad" */ = {
			isa = XCConfigurationList;
			buildConfigurations = (
				CE010D191E77C17E008DAA11 /* Debug */,
				CE010D1A1E77C17E008DAA11 /* Release */,
			);
			defaultConfigurationIsVisible = 0;
		};
/* End XCConfigurationList section */
	};
	rootObject = CE010CFE1E77C17E008DAA11 /* Project object */;
}
